PODS:
  - AparajitaCapacitorSecureStorage (6.0.1):
    - Capacitor
    - KeychainSwift (~> 21.0)
  - Capacitor (6.2.0):
    - CapacitorCordova
  - CapacitorBrowser (6.0.5):
    - Capacitor
  - CapacitorCommunityBluetoothLe (6.1.0):
    - Capacitor
  - CapacitorCommunityCameraPreview (6.0.1):
    - Capacitor
  - CapacitorCordova (6.2.0)
  - CapacitorFilesystem (6.0.3):
    - Capacitor
  - KeychainSwift (21.0.0)

DEPENDENCIES:
  - "AparajitaCapacitorSecureStorage (from `../../node_modules/.pnpm/@aparajita+capacitor-secure-storage@6.0.1/node_modules/@aparajita/capacitor-secure-storage`)"
  - "Capacitor (from `../../node_modules/.pnpm/@capacitor+ios@6.2.0_@capacitor+core@6.2.0/node_modules/@capacitor/ios`)"
  - "CapacitorBrowser (from `../../node_modules/.pnpm/@capacitor+browser@6.0.5_@capacitor+core@6.2.0/node_modules/@capacitor/browser`)"
  - "CapacitorCommunityBluetoothLe (from `../../node_modules/.pnpm/@capacitor-community+bluetooth-le@6.1.0_@capacitor+core@6.2.0/node_modules/@capacitor-community/bluetooth-le`)"
  - "CapacitorCommunityCameraPreview (from `../../node_modules/.pnpm/@capacitor-community+camera-preview@6.0.1_@capacitor+core@6.2.0/node_modules/@capacitor-community/camera-preview`)"
  - "CapacitorCordova (from `../../node_modules/.pnpm/@capacitor+ios@6.2.0_@capacitor+core@6.2.0/node_modules/@capacitor/ios`)"
  - "CapacitorFilesystem (from `../../node_modules/.pnpm/@capacitor+filesystem@6.0.3_@capacitor+core@6.2.0/node_modules/@capacitor/filesystem`)"

SPEC REPOS:
  trunk:
    - KeychainSwift

EXTERNAL SOURCES:
  AparajitaCapacitorSecureStorage:
    :path: "../../node_modules/.pnpm/@aparajita+capacitor-secure-storage@6.0.1/node_modules/@aparajita/capacitor-secure-storage"
  Capacitor:
    :path: "../../node_modules/.pnpm/@capacitor+ios@6.2.0_@capacitor+core@6.2.0/node_modules/@capacitor/ios"
  CapacitorBrowser:
    :path: "../../node_modules/.pnpm/@capacitor+browser@6.0.5_@capacitor+core@6.2.0/node_modules/@capacitor/browser"
  CapacitorCommunityBluetoothLe:
    :path: "../../node_modules/.pnpm/@capacitor-community+bluetooth-le@6.1.0_@capacitor+core@6.2.0/node_modules/@capacitor-community/bluetooth-le"
  CapacitorCommunityCameraPreview:
    :path: "../../node_modules/.pnpm/@capacitor-community+camera-preview@6.0.1_@capacitor+core@6.2.0/node_modules/@capacitor-community/camera-preview"
  CapacitorCordova:
    :path: "../../node_modules/.pnpm/@capacitor+ios@6.2.0_@capacitor+core@6.2.0/node_modules/@capacitor/ios"
  CapacitorFilesystem:
    :path: "../../node_modules/.pnpm/@capacitor+filesystem@6.0.3_@capacitor+core@6.2.0/node_modules/@capacitor/filesystem"

SPEC CHECKSUMS:
  AparajitaCapacitorSecureStorage: 18190f233b0531422af8c1caa51804686d940ee0
  Capacitor: 05d35014f4425b0740fc8776481f6a369ad071bf
  CapacitorBrowser: b468ac2db928e594b4d319727f3874743f9bcf96
  CapacitorCommunityBluetoothLe: 0d4d197e0d0eadb84d4c3a6683768088253419d9
  CapacitorCommunityCameraPreview: 56f8ea051d2e7625ee1a561cc50ea451b4ee485c
  CapacitorCordova: b33e7f4aa4ed105dd43283acdd940964374a87d9
  CapacitorFilesystem: 59270a63c60836248812671aa3b15df673fbaf74
  KeychainSwift: 4a71a45c802fd9e73906457c2dcbdbdc06c9419d

PODFILE CHECKSUM: 0975e6ca736e5459f1e3a347ba5f7a7bb61412e1

COCOAPODS: 1.16.2
